{
  "name": "session-bot",
  "version": "1.0.0",
  "lockfileVersion": 2,
  "requires": true,
  "packages": {
    "": {
      "name": "session-bot",
      "version": "1.0.0",
      "dependencies": {
        "discord.js": "^14.11.0"
      }
    },
    "node_modules/discord.js": {
      "version": "14.11.0",
      "resolved": "https://registry.npmjs.org/discord.js/-/discord.js-14.11.0.tgz",
      "integrity": "sha512-...",
      "dependencies": {
        "some-other-package": "^x.y.z"
      }
    }
  }
}
